
Microsoft Visual Studio Solution File, Format Version 12.00
# Visual Studio 14
VisualStudioVersion = 14.0.24720.0
MinimumVisualStudioVersion = 10.0.40219.1
Project("{FAE04EC0-301F-11D3-BF4B-00C04F79EFBC}") = "LogoFX.Client.Bootstrapping.Adapters.SimpleInjector", "LogoFX.Client.Bootstrapping.Adapters.SimpleInjector\LogoFX.Client.Bootstrapping.Adapters.SimpleInjector.csproj", "{2024019E-47E0-471D-ACA6-979672ED9788}"
EndProject
Project("{FAE04EC0-301F-11D3-BF4B-00C04F79EFBC}") = "LogoFX.Client.Bootstrapping.Adapters.SimpleInjector.Tests", "LogoFX.Client.Bootstrapping.Adapters.SimpleInjector.Tests\LogoFX.Client.Bootstrapping.Adapters.SimpleInjector.Tests.csproj", "{F03B1BC8-02D9-4FCC-81C4-8540450BA553}"
EndProject
Global
	GlobalSection(SolutionConfigurationPlatforms) = preSolution
		Debug|Any CPU = Debug|Any CPU
		Release|Any CPU = Release|Any CPU
	EndGlobalSection
	GlobalSection(ProjectConfigurationPlatforms) = postSolution
		{2024019E-47E0-471D-ACA6-979672ED9788}.Debug|Any CPU.ActiveCfg = Debug|Any CPU
		{2024019E-47E0-471D-ACA6-979672ED9788}.Debug|Any CPU.Build.0 = Debug|Any CPU
		{2024019E-47E0-471D-ACA6-979672ED9788}.Release|Any CPU.ActiveCfg = Release|Any CPU
		{2024019E-47E0-471D-ACA6-979672ED9788}.Release|Any CPU.Build.0 = Release|Any CPU
		{F03B1BC8-02D9-4FCC-81C4-8540450BA553}.Debug|Any CPU.ActiveCfg = Debug|Any CPU
		{F03B1BC8-02D9-4FCC-81C4-8540450BA553}.Debug|Any CPU.Build.0 = Debug|Any CPU
		{F03B1BC8-02D9-4FCC-81C4-8540450BA553}.Release|Any CPU.ActiveCfg = Release|Any CPU
		{F03B1BC8-02D9-4FCC-81C4-8540450BA553}.Release|Any CPU.Build.0 = Release|Any CPU
	EndGlobalSection
	GlobalSection(SolutionProperties) = preSolution
		HideSolutionNode = FALSE
	EndGlobalSection
EndGlobal
